
Microsoft Visual Studio Solution File, Format Version 12.00
# Visual Studio Version 16
VisualStudioVersion = 16.0.30907.101
MinimumVisualStudioVersion = 10.0.40219.1
Project("{FAE04EC0-301F-11D3-BF4B-00C04F79EFBC}") = "MyDictionary1", "MyDictionary1\MyDictionary1.csproj", "{C499B7BE-4EA3-4809-8E24-0653291A0800}"
EndProject
Global
	GlobalSection(SolutionConfigurationPlatforms) = preSolution
		Debug|Any CPU = Debug|Any CPU
		Release|Any CPU = Release|Any CPU
	EndGlobalSection
	GlobalSection(ProjectConfigurationPlatforms) = postSolution
		{C499B7BE-4EA3-4809-8E24-0653291A0800}.Debug|Any CPU.ActiveCfg = Debug|Any CPU
		{C499B7BE-4EA3-4809-8E24-0653291A0800}.Debug|Any CPU.Build.0 = Debug|Any CPU
		{C499B7BE-4EA3-4809-8E24-0653291A0800}.Release|Any CPU.ActiveCfg = Release|Any CPU
		{C499B7BE-4EA3-4809-8E24-0653291A0800}.Release|Any CPU.Build.0 = Release|Any CPU
	EndGlobalSection
	GlobalSection(SolutionProperties) = preSolution
		HideSolutionNode = FALSE
	EndGlobalSection
	GlobalSection(ExtensibilityGlobals) = postSolution
		SolutionGuid = {1974897F-CBCD-4DEE-A7E0-E096E64F290A}
	EndGlobalSection
EndGlobal
